
Microsoft Visual Studio Solution File, Format Version 12.00
# Visual Studio Version 17
VisualStudioVersion = 17.5.33424.131
MinimumVisualStudioVersion = 10.0.40219.1
Project("{FAE04EC0-301F-11D3-BF4B-00C04F79EFBC}") = "PDV", "PDV\PDV.csproj", "{DDCEB18C-AE8B-42C0-9867-99750D395683}"
EndProject
Global
	GlobalSection(SolutionConfigurationPlatforms) = preSolution
		Debug|Any CPU = Debug|Any CPU
		Release|Any CPU = Release|Any CPU
	EndGlobalSection
	GlobalSection(ProjectConfigurationPlatforms) = postSolution
		{DDCEB18C-AE8B-42C0-9867-99750D395683}.Debug|Any CPU.ActiveCfg = Debug|Any CPU
		{DDCEB18C-AE8B-42C0-9867-99750D395683}.Debug|Any CPU.Build.0 = Debug|Any CPU
		{DDCEB18C-AE8B-42C0-9867-99750D395683}.Release|Any CPU.ActiveCfg = Release|Any CPU
		{DDCEB18C-AE8B-42C0-9867-99750D395683}.Release|Any CPU.Build.0 = Release|Any CPU
	EndGlobalSection
	GlobalSection(SolutionProperties) = preSolution
		HideSolutionNode = FALSE
	EndGlobalSection
	GlobalSection(ExtensibilityGlobals) = postSolution
		SolutionGuid = {9771E865-634E-4C07-BB92-921C2372A48E}
	EndGlobalSection
EndGlobal
